<?xml version="1.0" encoding="utf-8"?>
<Project ToolsVersion="4.0" xmlns="http://schemas.microsoft.com/developer/msbuild/2003">
  <ItemGroup>
    <ClCompile Include="src\camera.c">
      <Filter>src</Filter>
    </ClCompile>
    <ClCompile Include="src\main.c">
      <Filter>src</Filter>
    </ClCompile>
    <ClCompile Include="src\opengl.c">
      <Filter>src</Filter>
    </ClCompile>
    <ClCompile Include="src\boids.c">
      <Filter>src</Filter>
    </ClCompile>
    <ClCompile Include="src\aabb.c">
      <Filter>src</Filter>
    </ClCompile>
  </ItemGroup>
  <ItemGroup>
    <ClInclude Include="src\camera.h">
      <Filter>src</Filter>
    </ClInclude>
    <ClInclude Include="src\types.h">
      <Filter>src</Filter>
    </ClInclude>
    <ClInclude Include="src\opengl.h">
      <Filter>src</Filter>
    </ClInclude>
    <ClInclude Include="src\boids.h">
      <Filter>src</Filter>
    </ClInclude>
    <ClInclude Include="src\aabb.h">
      <Filter>src</Filter>
    </ClInclude>
    <ClInclude Include="src\shaders.h">
      <Filter>src</Filter>
    </ClInclude>
  </ItemGroup>
  <ItemGroup>
    <Filter Include="src">
      <UniqueIdentifier>{72687793-a904-4ca4-b781-b7ed6dba17bd}</UniqueIdentifier>
    </Filter>
    <Filter Include="src\shaders">
      <UniqueIdentifier>{8e3122e9-1e28-4d51-9208-b873b5311863}</UniqueIdentifier>
    </Filter>
  </ItemGroup>
  <ItemGroup>
    <None Include=".gitignore" />
    <None Include="src\shaders\light.inl">
      <Filter>src\shaders</Filter>
    </None>
    <None Include="src\shaders\boids.inl">
      <Filter>src\shaders</Filter>
    </None>
  </ItemGroup>
</Project>